
Microsoft Visual Studio Solution File, Format Version 12.00
# Visual Studio Version 16
VisualStudioVersion = 16.0.30204.135
MinimumVisualStudioVersion = 10.0.40219.1
Project("{FAE04EC0-301F-11D3-BF4B-00C04F79EFBC}") = "TMS.Nbrb.ConsoleApp", "Src\TMS.Nbrb.ConsoleApp\TMS.Nbrb.ConsoleApp\TMS.Nbrb.ConsoleApp.csproj", "{9AB9CB69-FC58-4A14-BAF9-6324DBAF18D7}"
EndProject
Project("{FAE04EC0-301F-11D3-BF4B-00C04F79EFBC}") = "TMS.Nbrb.Core", "Src\TMS.Nbrb.Core\TMS.Nbrb.Core.csproj", "{4C7E3982-9D72-4FFF-B728-DA0468467FEB}"
EndProject
Global
	GlobalSection(SolutionConfigurationPlatforms) = preSolution
		Debug|Any CPU = Debug|Any CPU
		Release|Any CPU = Release|Any CPU
	EndGlobalSection
	GlobalSection(ProjectConfigurationPlatforms) = postSolution
		{9AB9CB69-FC58-4A14-BAF9-6324DBAF18D7}.Debug|Any CPU.ActiveCfg = Debug|Any CPU
		{9AB9CB69-FC58-4A14-BAF9-6324DBAF18D7}.Debug|Any CPU.Build.0 = Debug|Any CPU
		{9AB9CB69-FC58-4A14-BAF9-6324DBAF18D7}.Release|Any CPU.ActiveCfg = Release|Any CPU
		{9AB9CB69-FC58-4A14-BAF9-6324DBAF18D7}.Release|Any CPU.Build.0 = Release|Any CPU
		{4C7E3982-9D72-4FFF-B728-DA0468467FEB}.Debug|Any CPU.ActiveCfg = Debug|Any CPU
		{4C7E3982-9D72-4FFF-B728-DA0468467FEB}.Debug|Any CPU.Build.0 = Debug|Any CPU
		{4C7E3982-9D72-4FFF-B728-DA0468467FEB}.Release|Any CPU.ActiveCfg = Release|Any CPU
		{4C7E3982-9D72-4FFF-B728-DA0468467FEB}.Release|Any CPU.Build.0 = Release|Any CPU
	EndGlobalSection
	GlobalSection(SolutionProperties) = preSolution
		HideSolutionNode = FALSE
	EndGlobalSection
	GlobalSection(ExtensibilityGlobals) = postSolution
		SolutionGuid = {910A2EA2-754D-4A6A-9E3A-CD1A6A27C061}
	EndGlobalSection
EndGlobal
